// !$*UTF8*$!
{
	archiveVersion = 1;
	classes = {
	};
	objectVersion = 55;
	objects = {

/* Begin PBXBuildFile section */
		C501534D283C4C980098A27B /* Coordinator.swift in Sources */ = {isa = PBXBuildFile; fileRef = C501534C283C4C980098A27B /* Coordinator.swift */; };
		C501534F283C4D530098A27B /* LoginCoordinator.swift in Sources */ = {isa = PBXBuildFile; fileRef = C501534E283C4D530098A27B /* LoginCoordinator.swift */; };
		C5015352283C4EE40098A27B /* LoginViewController.swift in Sources */ = {isa = PBXBuildFile; fileRef = C5015351283C4EE40098A27B /* LoginViewController.swift */; };
		C5015354283C52E90098A27B /* LoginView.swift in Sources */ = {isa = PBXBuildFile; fileRef = C5015353283C52E90098A27B /* LoginView.swift */; };
		C54FB1EA284111B90085720C /* ViewControllerDefault.swift in Sources */ = {isa = PBXBuildFile; fileRef = C54FB1E9284111B90085720C /* ViewControllerDefault.swift */; };
		C54FB1EC28414E160085720C /* RegisterCoordinator.swift in Sources */ = {isa = PBXBuildFile; fileRef = C54FB1EB28414E160085720C /* RegisterCoordinator.swift */; };
		C54FB1EF28414EB90085720C /* RegisterViewController.swift in Sources */ = {isa = PBXBuildFile; fileRef = C54FB1EE28414EB80085720C /* RegisterViewController.swift */; };
		C54FB1F128414EF20085720C /* RegisterView.swift in Sources */ = {isa = PBXBuildFile; fileRef = C54FB1F028414EF20085720C /* RegisterView.swift */; };
		C556CD48283DAF49007D4DCD /* LabelDefault.swift in Sources */ = {isa = PBXBuildFile; fileRef = C556CD47283DAF49007D4DCD /* LabelDefault.swift */; };
		C556CD4A283DBA61007D4DCD /* TextFieldDefault.swift in Sources */ = {isa = PBXBuildFile; fileRef = C556CD49283DBA61007D4DCD /* TextFieldDefault.swift */; };
		C57E9E8D283BEFF2005E2D18 /* AppDelegate.swift in Sources */ = {isa = PBXBuildFile; fileRef = C57E9E8C283BEFF2005E2D18 /* AppDelegate.swift */; };
		C57E9E8F283BEFF2005E2D18 /* SceneDelegate.swift in Sources */ = {isa = PBXBuildFile; fileRef = C57E9E8E283BEFF2005E2D18 /* SceneDelegate.swift */; };
		C57E9E96283BEFF5005E2D18 /* Assets.xcassets in Resources */ = {isa = PBXBuildFile; fileRef = C57E9E95283BEFF5005E2D18 /* Assets.xcassets */; };
		C57E9E99283BEFF5005E2D18 /* LaunchScreen.storyboard in Resources */ = {isa = PBXBuildFile; fileRef = C57E9E97283BEFF5005E2D18 /* LaunchScreen.storyboard */; };
		C57E9EA4283BEFF5005E2D18 /* MeusGastosTests.swift in Sources */ = {isa = PBXBuildFile; fileRef = C57E9EA3283BEFF5005E2D18 /* MeusGastosTests.swift */; };
		C57E9EAE283BEFF5005E2D18 /* MeusGastosUITests.swift in Sources */ = {isa = PBXBuildFile; fileRef = C57E9EAD283BEFF5005E2D18 /* MeusGastosUITests.swift */; };
		C57E9EB0283BEFF5005E2D18 /* MeusGastosUITestsLaunchTests.swift in Sources */ = {isa = PBXBuildFile; fileRef = C57E9EAF283BEFF5005E2D18 /* MeusGastosUITestsLaunchTests.swift */; };
		C5DDEAA2283FB88A0013BCD0 /* ButtonDefault.swift in Sources */ = {isa = PBXBuildFile; fileRef = C5DDEAA1283FB88A0013BCD0 /* ButtonDefault.swift */; };
/* End PBXBuildFile section */

/* Begin PBXContainerItemProxy section */
		C57E9EA0283BEFF5005E2D18 /* PBXContainerItemProxy */ = {
			isa = PBXContainerItemProxy;
			containerPortal = C57E9E81283BEFF2005E2D18 /* Project object */;
			proxyType = 1;
			remoteGlobalIDString = C57E9E88283BEFF2005E2D18;
			remoteInfo = MeusGastos;
		};
		C57E9EAA283BEFF5005E2D18 /* PBXContainerItemProxy */ = {
			isa = PBXContainerItemProxy;
			containerPortal = C57E9E81283BEFF2005E2D18 /* Project object */;
			proxyType = 1;
			remoteGlobalIDString = C57E9E88283BEFF2005E2D18;
			remoteInfo = MeusGastos;
		};
/* End PBXContainerItemProxy section */

/* Begin PBXFileReference section */
		C501534C283C4C980098A27B /* Coordinator.swift */ = {isa = PBXFileReference; lastKnownFileType = sourcecode.swift; path = Coordinator.swift; sourceTree = "<group>"; };
		C501534E283C4D530098A27B /* LoginCoordinator.swift */ = {isa = PBXFileReference; lastKnownFileType = sourcecode.swift; path = LoginCoordinator.swift; sourceTree = "<group>"; };
		C5015351283C4EE40098A27B /* LoginViewController.swift */ = {isa = PBXFileReference; lastKnownFileType = sourcecode.swift; path = LoginViewController.swift; sourceTree = "<group>"; };
		C5015353283C52E90098A27B /* LoginView.swift */ = {isa = PBXFileReference; lastKnownFileType = sourcecode.swift; path = LoginView.swift; sourceTree = "<group>"; };
		C54FB1E9284111B90085720C /* ViewControllerDefault.swift */ = {isa = PBXFileReference; lastKnownFileType = sourcecode.swift; path = ViewControllerDefault.swift; sourceTree = "<group>"; };
		C54FB1EB28414E160085720C /* RegisterCoordinator.swift */ = {isa = PBXFileReference; lastKnownFileType = sourcecode.swift; path = RegisterCoordinator.swift; sourceTree = "<group>"; };
		C54FB1EE28414EB80085720C /* RegisterViewController.swift */ = {isa = PBXFileReference; lastKnownFileType = sourcecode.swift; path = RegisterViewController.swift; sourceTree = "<group>"; };
		C54FB1F028414EF20085720C /* RegisterView.swift */ = {isa = PBXFileReference; lastKnownFileType = sourcecode.swift; path = RegisterView.swift; sourceTree = "<group>"; };
		C556CD47283DAF49007D4DCD /* LabelDefault.swift */ = {isa = PBXFileReference; lastKnownFileType = sourcecode.swift; path = LabelDefault.swift; sourceTree = "<group>"; };
		C556CD49283DBA61007D4DCD /* TextFieldDefault.swift */ = {isa = PBXFileReference; lastKnownFileType = sourcecode.swift; path = TextFieldDefault.swift; sourceTree = "<group>"; };
		C57E9E89283BEFF2005E2D18 /* MeusGastos.app */ = {isa = PBXFileReference; explicitFileType = wrapper.application; includeInIndex = 0; path = MeusGastos.app; sourceTree = BUILT_PRODUCTS_DIR; };
		C57E9E8C283BEFF2005E2D18 /* AppDelegate.swift */ = {isa = PBXFileReference; lastKnownFileType = sourcecode.swift; path = AppDelegate.swift; sourceTree = "<group>"; };
		C57E9E8E283BEFF2005E2D18 /* SceneDelegate.swift */ = {isa = PBXFileReference; lastKnownFileType = sourcecode.swift; path = SceneDelegate.swift; sourceTree = "<group>"; };
		C57E9E95283BEFF5005E2D18 /* Assets.xcassets */ = {isa = PBXFileReference; lastKnownFileType = folder.assetcatalog; path = Assets.xcassets; sourceTree = "<group>"; };
		C57E9E98283BEFF5005E2D18 /* Base */ = {isa = PBXFileReference; lastKnownFileType = file.storyboard; name = Base; path = Base.lproj/LaunchScreen.storyboard; sourceTree = "<group>"; };
		C57E9E9A283BEFF5005E2D18 /* Info.plist */ = {isa = PBXFileReference; lastKnownFileType = text.plist.xml; path = Info.plist; sourceTree = "<group>"; };
		C57E9E9F283BEFF5005E2D18 /* MeusGastosTests.xctest */ = {isa = PBXFileReference; explicitFileType = wrapper.cfbundle; includeInIndex = 0; path = MeusGastosTests.xctest; sourceTree = BUILT_PRODUCTS_DIR; };
		C57E9EA3283BEFF5005E2D18 /* MeusGastosTests.swift */ = {isa = PBXFileReference; lastKnownFileType = sourcecode.swift; path = MeusGastosTests.swift; sourceTree = "<group>"; };
		C57E9EA9283BEFF5005E2D18 /* MeusGastosUITests.xctest */ = {isa = PBXFileReference; explicitFileType = wrapper.cfbundle; includeInIndex = 0; path = MeusGastosUITests.xctest; sourceTree = BUILT_PRODUCTS_DIR; };
		C57E9EAD283BEFF5005E2D18 /* MeusGastosUITests.swift */ = {isa = PBXFileReference; lastKnownFileType = sourcecode.swift; path = MeusGastosUITests.swift; sourceTree = "<group>"; };
		C57E9EAF283BEFF5005E2D18 /* MeusGastosUITestsLaunchTests.swift */ = {isa = PBXFileReference; lastKnownFileType = sourcecode.swift; path = MeusGastosUITestsLaunchTests.swift; sourceTree = "<group>"; };
		C5DDEAA1283FB88A0013BCD0 /* ButtonDefault.swift */ = {isa = PBXFileReference; lastKnownFileType = sourcecode.swift; path = ButtonDefault.swift; sourceTree = "<group>"; };
/* End PBXFileReference section */

/* Begin PBXFrameworksBuildPhase section */
		C57E9E86283BEFF2005E2D18 /* Frameworks */ = {
			isa = PBXFrameworksBuildPhase;
			buildActionMask = 2147483647;
			files = (
			);
			runOnlyForDeploymentPostprocessing = 0;
		};
		C57E9E9C283BEFF5005E2D18 /* Frameworks */ = {
			isa = PBXFrameworksBuildPhase;
			buildActionMask = 2147483647;
			files = (
			);
			runOnlyForDeploymentPostprocessing = 0;
		};
		C57E9EA6283BEFF5005E2D18 /* Frameworks */ = {
			isa = PBXFrameworksBuildPhase;
			buildActionMask = 2147483647;
			files = (
			);
			runOnlyForDeploymentPostprocessing = 0;
		};
/* End PBXFrameworksBuildPhase section */

/* Begin PBXGroup section */
		C5015349283C4C650098A27B /* Source */ = {
			isa = PBXGroup;
			children = (
				C501534A283C4C740098A27B /* Coordinator */,
				C556CD45283DAF14007D4DCD /* Infrastructure */,
				C501534B283C4C7E0098A27B /* ViewController */,
			);
			path = Source;
			sourceTree = "<group>";
		};
		C501534A283C4C740098A27B /* Coordinator */ = {
			isa = PBXGroup;
			children = (
				C501534C283C4C980098A27B /* Coordinator.swift */,
				C501534E283C4D530098A27B /* LoginCoordinator.swift */,
				C54FB1EB28414E160085720C /* RegisterCoordinator.swift */,
			);
			path = Coordinator;
			sourceTree = "<group>";
		};
		C501534B283C4C7E0098A27B /* ViewController */ = {
			isa = PBXGroup;
			children = (
				C5015350283C4ED60098A27B /* Login */,
				C54FB1ED28414EA30085720C /* Register */,
			);
			path = ViewController;
			sourceTree = "<group>";
		};
		C5015350283C4ED60098A27B /* Login */ = {
			isa = PBXGroup;
			children = (
				C5015351283C4EE40098A27B /* LoginViewController.swift */,
				C5015353283C52E90098A27B /* LoginView.swift */,
			);
			path = Login;
			sourceTree = "<group>";
		};
		C54FB1ED28414EA30085720C /* Register */ = {
			isa = PBXGroup;
			children = (
				C54FB1EE28414EB80085720C /* RegisterViewController.swift */,
				C54FB1F028414EF20085720C /* RegisterView.swift */,
			);
			path = Register;
			sourceTree = "<group>";
		};
		C556CD45283DAF14007D4DCD /* Infrastructure */ = {
			isa = PBXGroup;
			children = (
				C556CD46283DAF30007D4DCD /* Components */,
			);
			path = Infrastructure;
			sourceTree = "<group>";
		};
		C556CD46283DAF30007D4DCD /* Components */ = {
			isa = PBXGroup;
			children = (
				C556CD47283DAF49007D4DCD /* LabelDefault.swift */,
				C556CD49283DBA61007D4DCD /* TextFieldDefault.swift */,
				C5DDEAA1283FB88A0013BCD0 /* ButtonDefault.swift */,
				C54FB1E9284111B90085720C /* ViewControllerDefault.swift */,
			);
			path = Components;
			sourceTree = "<group>";
		};
		C57E9E80283BEFF2005E2D18 = {
			isa = PBXGroup;
			children = (
				C57E9E8B283BEFF2005E2D18 /* MeusGastos */,
				C57E9EA2283BEFF5005E2D18 /* MeusGastosTests */,
				C57E9EAC283BEFF5005E2D18 /* MeusGastosUITests */,
				C57E9E8A283BEFF2005E2D18 /* Products */,
				C5015349283C4C650098A27B /* Source */,
			);
			sourceTree = "<group>";
		};
		C57E9E8A283BEFF2005E2D18 /* Products */ = {
			isa = PBXGroup;
			children = (
				C57E9E89283BEFF2005E2D18 /* MeusGastos.app */,
				C57E9E9F283BEFF5005E2D18 /* MeusGastosTests.xctest */,
				C57E9EA9283BEFF5005E2D18 /* MeusGastosUITests.xctest */,
			);
			name = Products;
			sourceTree = "<group>";
		};
		C57E9E8B283BEFF2005E2D18 /* MeusGastos */ = {
			isa = PBXGroup;
			children = (
				C57E9E8C283BEFF2005E2D18 /* AppDelegate.swift */,
				C57E9E8E283BEFF2005E2D18 /* SceneDelegate.swift */,
				C57E9E95283BEFF5005E2D18 /* Assets.xcassets */,
				C57E9E97283BEFF5005E2D18 /* LaunchScreen.storyboard */,
				C57E9E9A283BEFF5005E2D18 /* Info.plist */,
			);
			path = MeusGastos;
			sourceTree = "<group>";
		};
		C57E9EA2283BEFF5005E2D18 /* MeusGastosTests */ = {
			isa = PBXGroup;
			children = (
				C57E9EA3283BEFF5005E2D18 /* MeusGastosTests.swift */,
			);
			path = MeusGastosTests;
			sourceTree = "<group>";
		};
		C57E9EAC283BEFF5005E2D18 /* MeusGastosUITests */ = {
			isa = PBXGroup;
			children = (
				C57E9EAD283BEFF5005E2D18 /* MeusGastosUITests.swift */,
				C57E9EAF283BEFF5005E2D18 /* MeusGastosUITestsLaunchTests.swift */,
			);
			path = MeusGastosUITests;
			sourceTree = "<group>";
		};
/* End PBXGroup section */

/* Begin PBXNativeTarget section */
		C57E9E88283BEFF2005E2D18 /* MeusGastos */ = {
			isa = PBXNativeTarget;
			buildConfigurationList = C57E9EB3283BEFF5005E2D18 /* Build configuration list for PBXNativeTarget "MeusGastos" */;
			buildPhases = (
				C57E9E85283BEFF2005E2D18 /* Sources */,
				C57E9E86283BEFF2005E2D18 /* Frameworks */,
				C57E9E87283BEFF2005E2D18 /* Resources */,
			);
			buildRules = (
			);
			dependencies = (
			);
			name = MeusGastos;
			productName = MeusGastos;
			productReference = C57E9E89283BEFF2005E2D18 /* MeusGastos.app */;
			productType = "com.apple.product-type.application";
		};
		C57E9E9E283BEFF5005E2D18 /* MeusGastosTests */ = {
			isa = PBXNativeTarget;
			buildConfigurationList = C57E9EB6283BEFF5005E2D18 /* Build configuration list for PBXNativeTarget "MeusGastosTests" */;
			buildPhases = (
				C57E9E9B283BEFF5005E2D18 /* Sources */,
				C57E9E9C283BEFF5005E2D18 /* Frameworks */,
				C57E9E9D283BEFF5005E2D18 /* Resources */,
			);
			buildRules = (
			);
			dependencies = (
				C57E9EA1283BEFF5005E2D18 /* PBXTargetDependency */,
			);
			name = MeusGastosTests;
			productName = MeusGastosTests;
			productReference = C57E9E9F283BEFF5005E2D18 /* MeusGastosTests.xctest */;
			productType = "com.apple.product-type.bundle.unit-test";
		};
		C57E9EA8283BEFF5005E2D18 /* MeusGastosUITests */ = {
			isa = PBXNativeTarget;
			buildConfigurationList = C57E9EB9283BEFF5005E2D18 /* Build configuration list for PBXNativeTarget "MeusGastosUITests" */;
			buildPhases = (
				C57E9EA5283BEFF5005E2D18 /* Sources */,
				C57E9EA6283BEFF5005E2D18 /* Frameworks */,
				C57E9EA7283BEFF5005E2D18 /* Resources */,
			);
			buildRules = (
			);
			dependencies = (
				C57E9EAB283BEFF5005E2D18 /* PBXTargetDependency */,
			);
			name = MeusGastosUITests;
			productName = MeusGastosUITests;
			productReference = C57E9EA9283BEFF5005E2D18 /* MeusGastosUITests.xctest */;
			productType = "com.apple.product-type.bundle.ui-testing";
		};
/* End PBXNativeTarget section */

/* Begin PBXProject section */
		C57E9E81283BEFF2005E2D18 /* Project object */ = {
			isa = PBXProject;
			attributes = {
				BuildIndependentTargetsInParallel = 1;
				LastSwiftUpdateCheck = 1340;
				LastUpgradeCheck = 1340;
				TargetAttributes = {
					C57E9E88283BEFF2005E2D18 = {
						CreatedOnToolsVersion = 13.4;
					};
					C57E9E9E283BEFF5005E2D18 = {
						CreatedOnToolsVersion = 13.4;
						TestTargetID = C57E9E88283BEFF2005E2D18;
					};
					C57E9EA8283BEFF5005E2D18 = {
						CreatedOnToolsVersion = 13.4;
						TestTargetID = C57E9E88283BEFF2005E2D18;
					};
				};
			};
			buildConfigurationList = C57E9E84283BEFF2005E2D18 /* Build configuration list for PBXProject "MeusGastos" */;
			compatibilityVersion = "Xcode 13.0";
			developmentRegion = en;
			hasScannedForEncodings = 0;
			knownRegions = (
				en,
				Base,
			);
			mainGroup = C57E9E80283BEFF2005E2D18;
			productRefGroup = C57E9E8A283BEFF2005E2D18 /* Products */;
			projectDirPath = "";
			projectRoot = "";
			targets = (
				C57E9E88283BEFF2005E2D18 /* MeusGastos */,
				C57E9E9E283BEFF5005E2D18 /* MeusGastosTests */,
				C57E9EA8283BEFF5005E2D18 /* MeusGastosUITests */,
			);
		};
/* End PBXProject section */

/* Begin PBXResourcesBuildPhase section */
		C57E9E87283BEFF2005E2D18 /* Resources */ = {
			isa = PBXResourcesBuildPhase;
			buildActionMask = 2147483647;
			files = (
				C57E9E99283BEFF5005E2D18 /* LaunchScreen.storyboard in Resources */,
				C57E9E96283BEFF5005E2D18 /* Assets.xcassets in Resources */,
			);
			runOnlyForDeploymentPostprocessing = 0;
		};
		C57E9E9D283BEFF5005E2D18 /* Resources */ = {
			isa = PBXResourcesBuildPhase;
			buildActionMask = 2147483647;
			files = (
			);
			runOnlyForDeploymentPostprocessing = 0;
		};
		C57E9EA7283BEFF5005E2D18 /* Resources */ = {
			isa = PBXResourcesBuildPhase;
			buildActionMask = 2147483647;
			files = (
			);
			runOnlyForDeploymentPostprocessing = 0;
		};
/* End PBXResourcesBuildPhase section */

/* Begin PBXSourcesBuildPhase section */
		C57E9E85283BEFF2005E2D18 /* Sources */ = {
			isa = PBXSourcesBuildPhase;
			buildActionMask = 2147483647;
			files = (
				C5015354283C52E90098A27B /* LoginView.swift in Sources */,
				C5DDEAA2283FB88A0013BCD0 /* ButtonDefault.swift in Sources */,
				C54FB1F128414EF20085720C /* RegisterView.swift in Sources */,
				C54FB1EC28414E160085720C /* RegisterCoordinator.swift in Sources */,
				C54FB1EF28414EB90085720C /* RegisterViewController.swift in Sources */,
				C54FB1EA284111B90085720C /* ViewControllerDefault.swift in Sources */,
				C501534D283C4C980098A27B /* Coordinator.swift in Sources */,
				C501534F283C4D530098A27B /* LoginCoordinator.swift in Sources */,
				C57E9E8D283BEFF2005E2D18 /* AppDelegate.swift in Sources */,
				C5015352283C4EE40098A27B /* LoginViewController.swift in Sources */,
				C556CD48283DAF49007D4DCD /* LabelDefault.swift in Sources */,
				C57E9E8F283BEFF2005E2D18 /* SceneDelegate.swift in Sources */,
				C556CD4A283DBA61007D4DCD /* TextFieldDefault.swift in Sources */,
			);
			runOnlyForDeploymentPostprocessing = 0;
		};
		C57E9E9B283BEFF5005E2D18 /* Sources */ = {
			isa = PBXSourcesBuildPhase;
			buildActionMask = 2147483647;
			files = (
				C57E9EA4283BEFF5005E2D18 /* MeusGastosTests.swift in Sources */,
			);
			runOnlyForDeploymentPostprocessing = 0;
		};
		C57E9EA5283BEFF5005E2D18 /* Sources */ = {
			isa = PBXSourcesBuildPhase;
			buildActionMask = 2147483647;
			files = (
				C57E9EAE283BEFF5005E2D18 /* MeusGastosUITests.swift in Sources */,
				C57E9EB0283BEFF5005E2D18 /* MeusGastosUITestsLaunchTests.swift in Sources */,
			);
			runOnlyForDeploymentPostprocessing = 0;
		};
/* End PBXSourcesBuildPhase section */

/* Begin PBXTargetDependency section */
		C57E9EA1283BEFF5005E2D18 /* PBXTargetDependency */ = {
			isa = PBXTargetDependency;
			target = C57E9E88283BEFF2005E2D18 /* MeusGastos */;
			targetProxy = C57E9EA0283BEFF5005E2D18 /* PBXContainerItemProxy */;
		};
		C57E9EAB283BEFF5005E2D18 /* PBXTargetDependency */ = {
			isa = PBXTargetDependency;
			target = C57E9E88283BEFF2005E2D18 /* MeusGastos */;
			targetProxy = C57E9EAA283BEFF5005E2D18 /* PBXContainerItemProxy */;
		};
/* End PBXTargetDependency section */

/* Begin PBXVariantGroup section */
		C57E9E97283BEFF5005E2D18 /* LaunchScreen.storyboard */ = {
			isa = PBXVariantGroup;
			children = (
				C57E9E98283BEFF5005E2D18 /* Base */,
			);
			name = LaunchScreen.storyboard;
			sourceTree = "<group>";
		};
/* End PBXVariantGroup section */

/* Begin XCBuildConfiguration section */
		C57E9EB1283BEFF5005E2D18 /* Debug */ = {
			isa = XCBuildConfiguration;
			buildSettings = {
				ALWAYS_SEARCH_USER_PATHS = NO;
				CLANG_ANALYZER_NONNULL = YES;
				CLANG_ANALYZER_NUMBER_OBJECT_CONVERSION = YES_AGGRESSIVE;
				CLANG_CXX_LANGUAGE_STANDARD = "gnu++17";
				CLANG_ENABLE_MODULES = YES;
				CLANG_ENABLE_OBJC_ARC = YES;
				CLANG_ENABLE_OBJC_WEAK = YES;
				CLANG_WARN_BLOCK_CAPTURE_AUTORELEASING = YES;
				CLANG_WARN_BOOL_CONVERSION = YES;
				CLANG_WARN_COMMA = YES;
				CLANG_WARN_CONSTANT_CONVERSION = YES;
				CLANG_WARN_DEPRECATED_OBJC_IMPLEMENTATIONS = YES;
				CLANG_WARN_DIRECT_OBJC_ISA_USAGE = YES_ERROR;
				CLANG_WARN_DOCUMENTATION_COMMENTS = YES;
				CLANG_WARN_EMPTY_BODY = YES;
				CLANG_WARN_ENUM_CONVERSION = YES;
				CLANG_WARN_INFINITE_RECURSION = YES;
				CLANG_WARN_INT_CONVERSION = YES;
				CLANG_WARN_NON_LITERAL_NULL_CONVERSION = YES;
				CLANG_WARN_OBJC_IMPLICIT_RETAIN_SELF = YES;
				CLANG_WARN_OBJC_LITERAL_CONVERSION = YES;
				CLANG_WARN_OBJC_ROOT_CLASS = YES_ERROR;
				CLANG_WARN_QUOTED_INCLUDE_IN_FRAMEWORK_HEADER = YES;
				CLANG_WARN_RANGE_LOOP_ANALYSIS = YES;
				CLANG_WARN_STRICT_PROTOTYPES = YES;
				CLANG_WARN_SUSPICIOUS_MOVE = YES;
				CLANG_WARN_UNGUARDED_AVAILABILITY = YES_AGGRESSIVE;
				CLANG_WARN_UNREACHABLE_CODE = YES;
				CLANG_WARN__DUPLICATE_METHOD_MATCH = YES;
				COPY_PHASE_STRIP = NO;
				DEBUG_INFORMATION_FORMAT = dwarf;
				ENABLE_STRICT_OBJC_MSGSEND = YES;
				ENABLE_TESTABILITY = YES;
				GCC_C_LANGUAGE_STANDARD = gnu11;
				GCC_DYNAMIC_NO_PIC = NO;
				GCC_NO_COMMON_BLOCKS = YES;
				GCC_OPTIMIZATION_LEVEL = 0;
				GCC_PREPROCESSOR_DEFINITIONS = (
					"DEBUG=1",
					"$(inherited)",
				);
				GCC_WARN_64_TO_32_BIT_CONVERSION = YES;
				GCC_WARN_ABOUT_RETURN_TYPE = YES_ERROR;
				GCC_WARN_UNDECLARED_SELECTOR = YES;
				GCC_WARN_UNINITIALIZED_AUTOS = YES_AGGRESSIVE;
				GCC_WARN_UNUSED_FUNCTION = YES;
				GCC_WARN_UNUSED_VARIABLE = YES;
				IPHONEOS_DEPLOYMENT_TARGET = 15.5;
				MTL_ENABLE_DEBUG_INFO = INCLUDE_SOURCE;
				MTL_FAST_MATH = YES;
				ONLY_ACTIVE_ARCH = YES;
				SDKROOT = iphoneos;
				SWIFT_ACTIVE_COMPILATION_CONDITIONS = DEBUG;
				SWIFT_OPTIMIZATION_LEVEL = "-Onone";
			};
			name = Debug;
		};
		C57E9EB2283BEFF5005E2D18 /* Release */ = {
			isa = XCBuildConfiguration;
			buildSettings = {
				ALWAYS_SEARCH_USER_PATHS = NO;
				CLANG_ANALYZER_NONNULL = YES;
				CLANG_ANALYZER_NUMBER_OBJECT_CONVERSION = YES_AGGRESSIVE;
				CLANG_CXX_LANGUAGE_STANDARD = "gnu++17";
				CLANG_ENABLE_MODULES = YES;
				CLANG_ENABLE_OBJC_ARC = YES;
				CLANG_ENABLE_OBJC_WEAK = YES;
				CLANG_WARN_BLOCK_CAPTURE_AUTORELEASING = YES;
				CLANG_WARN_BOOL_CONVERSION = YES;
				CLANG_WARN_COMMA = YES;
				CLANG_WARN_CONSTANT_CONVERSION = YES;
				CLANG_WARN_DEPRECATED_OBJC_IMPLEMENTATIONS = YES;
				CLANG_WARN_DIRECT_OBJC_ISA_USAGE = YES_ERROR;
				CLANG_WARN_DOCUMENTATION_COMMENTS = YES;
				CLANG_WARN_EMPTY_BODY = YES;
				CLANG_WARN_ENUM_CONVERSION = YES;
				CLANG_WARN_INFINITE_RECURSION = YES;
				CLANG_WARN_INT_CONVERSION = YES;
				CLANG_WARN_NON_LITERAL_NULL_CONVERSION = YES;
				CLANG_WARN_OBJC_IMPLICIT_RETAIN_SELF = YES;
				CLANG_WARN_OBJC_LITERAL_CONVERSION = YES;
				CLANG_WARN_OBJC_ROOT_CLASS = YES_ERROR;
				CLANG_WARN_QUOTED_INCLUDE_IN_FRAMEWORK_HEADER = YES;
				CLANG_WARN_RANGE_LOOP_ANALYSIS = YES;
				CLANG_WARN_STRICT_PROTOTYPES = YES;
				CLANG_WARN_SUSPICIOUS_MOVE = YES;
				CLANG_WARN_UNGUARDED_AVAILABILITY = YES_AGGRESSIVE;
				CLANG_WARN_UNREACHABLE_CODE = YES;
				CLANG_WARN__DUPLICATE_METHOD_MATCH = YES;
				COPY_PHASE_STRIP = NO;
				DEBUG_INFORMATION_FORMAT = "dwarf-with-dsym";
				ENABLE_NS_ASSERTIONS = NO;
				ENABLE_STRICT_OBJC_MSGSEND = YES;
				GCC_C_LANGUAGE_STANDARD = gnu11;
				GCC_NO_COMMON_BLOCKS = YES;
				GCC_WARN_64_TO_32_BIT_CONVERSION = YES;
				GCC_WARN_ABOUT_RETURN_TYPE = YES_ERROR;
				GCC_WARN_UNDECLARED_SELECTOR = YES;
				GCC_WARN_UNINITIALIZED_AUTOS = YES_AGGRESSIVE;
				GCC_WARN_UNUSED_FUNCTION = YES;
				GCC_WARN_UNUSED_VARIABLE = YES;
				IPHONEOS_DEPLOYMENT_TARGET = 15.5;
				MTL_ENABLE_DEBUG_INFO = NO;
				MTL_FAST_MATH = YES;
				SDKROOT = iphoneos;
				SWIFT_COMPILATION_MODE = wholemodule;
				SWIFT_OPTIMIZATION_LEVEL = "-O";
				VALIDATE_PRODUCT = YES;
			};
			name = Release;
		};
		C57E9EB4283BEFF5005E2D18 /* Debug */ = {
			isa = XCBuildConfiguration;
			buildSettings = {
				ASSETCATALOG_COMPILER_APPICON_NAME = AppIcon;
				ASSETCATALOG_COMPILER_GLOBAL_ACCENT_COLOR_NAME = AccentColor;
				CODE_SIGN_STYLE = Automatic;
				CURRENT_PROJECT_VERSION = 1;
				DEVELOPMENT_TEAM = KA74A9Q966;
				GENERATE_INFOPLIST_FILE = YES;
				INFOPLIST_FILE = MeusGastos/Info.plist;
				INFOPLIST_KEY_UIApplicationSupportsIndirectInputEvents = YES;
				INFOPLIST_KEY_UILaunchStoryboardName = LaunchScreen;
				INFOPLIST_KEY_UISupportedInterfaceOrientations_iPad = "UIInterfaceOrientationPortrait UIInterfaceOrientationPortraitUpsideDown UIInterfaceOrientationLandscapeLeft UIInterfaceOrientationLandscapeRight";
				INFOPLIST_KEY_UISupportedInterfaceOrientations_iPhone = "UIInterfaceOrientationPortrait UIInterfaceOrientationLandscapeLeft UIInterfaceOrientationLandscapeRight";
				LD_RUNPATH_SEARCH_PATHS = (
					"$(inherited)",
					"@executable_path/Frameworks",
				);
				MARKETING_VERSION = 1.0;
				PRODUCT_BUNDLE_IDENTIFIER = "Jean-Camargo.MeusGastos";
				PRODUCT_NAME = "$(TARGET_NAME)";
				SWIFT_EMIT_LOC_STRINGS = YES;
				SWIFT_VERSION = 5.0;
				TARGETED_DEVICE_FAMILY = "1,2";
			};
			name = Debug;
		};
		C57E9EB5283BEFF5005E2D18 /* Release */ = {
			isa = XCBuildConfiguration;
			buildSettings = {
				ASSETCATALOG_COMPILER_APPICON_NAME = AppIcon;
				ASSETCATALOG_COMPILER_GLOBAL_ACCENT_COLOR_NAME = AccentColor;
				CODE_SIGN_STYLE = Automatic;
				CURRENT_PROJECT_VERSION = 1;
				DEVELOPMENT_TEAM = KA74A9Q966;
				GENERATE_INFOPLIST_FILE = YES;
				INFOPLIST_FILE = MeusGastos/Info.plist;
				INFOPLIST_KEY_UIApplicationSupportsIndirectInputEvents = YES;
				INFOPLIST_KEY_UILaunchStoryboardName = LaunchScreen;
				INFOPLIST_KEY_UISupportedInterfaceOrientations_iPad = "UIInterfaceOrientationPortrait UIInterfaceOrientationPortraitUpsideDown UIInterfaceOrientationLandscapeLeft UIInterfaceOrientationLandscapeRight";
				INFOPLIST_KEY_UISupportedInterfaceOrientations_iPhone = "UIInterfaceOrientationPortrait UIInterfaceOrientationLandscapeLeft UIInterfaceOrientationLandscapeRight";
				LD_RUNPATH_SEARCH_PATHS = (
					"$(inherited)",
					"@executable_path/Frameworks",
				);
				MARKETING_VERSION = 1.0;
				PRODUCT_BUNDLE_IDENTIFIER = "Jean-Camargo.MeusGastos";
				PRODUCT_NAME = "$(TARGET_NAME)";
				SWIFT_EMIT_LOC_STRINGS = YES;
				SWIFT_VERSION = 5.0;
				TARGETED_DEVICE_FAMILY = "1,2";
			};
			name = Release;
		};
		C57E9EB7283BEFF5005E2D18 /* Debug */ = {
			isa = XCBuildConfiguration;
			buildSettings = {
				ALWAYS_EMBED_SWIFT_STANDARD_LIBRARIES = YES;
				BUNDLE_LOADER = "$(TEST_HOST)";
				CODE_SIGN_STYLE = Automatic;
				CURRENT_PROJECT_VERSION = 1;
				DEVELOPMENT_TEAM = KA74A9Q966;
				GENERATE_INFOPLIST_FILE = YES;
				IPHONEOS_DEPLOYMENT_TARGET = 15.5;
				MARKETING_VERSION = 1.0;
				PRODUCT_BUNDLE_IDENTIFIER = "Jean-Camargo.MeusGastosTests";
				PRODUCT_NAME = "$(TARGET_NAME)";
				SWIFT_EMIT_LOC_STRINGS = NO;
				SWIFT_VERSION = 5.0;
				TARGETED_DEVICE_FAMILY = "1,2";
				TEST_HOST = "$(BUILT_PRODUCTS_DIR)/MeusGastos.app/MeusGastos";
			};
			name = Debug;
		};
		C57E9EB8283BEFF5005E2D18 /* Release */ = {
			isa = XCBuildConfiguration;
			buildSettings = {
				ALWAYS_EMBED_SWIFT_STANDARD_LIBRARIES = YES;
				BUNDLE_LOADER = "$(TEST_HOST)";
				CODE_SIGN_STYLE = Automatic;
				CURRENT_PROJECT_VERSION = 1;
				DEVELOPMENT_TEAM = KA74A9Q966;
				GENERATE_INFOPLIST_FILE = YES;
				IPHONEOS_DEPLOYMENT_TARGET = 15.5;
				MARKETING_VERSION = 1.0;
				PRODUCT_BUNDLE_IDENTIFIER = "Jean-Camargo.MeusGastosTests";
				PRODUCT_NAME = "$(TARGET_NAME)";
				SWIFT_EMIT_LOC_STRINGS = NO;
				SWIFT_VERSION = 5.0;
				TARGETED_DEVICE_FAMILY = "1,2";
				TEST_HOST = "$(BUILT_PRODUCTS_DIR)/MeusGastos.app/MeusGastos";
			};
			name = Release;
		};
		C57E9EBA283BEFF5005E2D18 /* Debug */ = {
			isa = XCBuildConfiguration;
			buildSettings = {
				ALWAYS_EMBED_SWIFT_STANDARD_LIBRARIES = YES;
				CODE_SIGN_STYLE = Automatic;
				CURRENT_PROJECT_VERSION = 1;
				DEVELOPMENT_TEAM = KA74A9Q966;
				GENERATE_INFOPLIST_FILE = YES;
				MARKETING_VERSION = 1.0;
				PRODUCT_BUNDLE_IDENTIFIER = "Jean-Camargo.MeusGastosUITests";
				PRODUCT_NAME = "$(TARGET_NAME)";
				SWIFT_EMIT_LOC_STRINGS = NO;
				SWIFT_VERSION = 5.0;
				TARGETED_DEVICE_FAMILY = "1,2";
				TEST_TARGET_NAME = MeusGastos;
			};
			name = Debug;
		};
		C57E9EBB283BEFF5005E2D18 /* Release */ = {
			isa = XCBuildConfiguration;
			buildSettings = {
				ALWAYS_EMBED_SWIFT_STANDARD_LIBRARIES = YES;
				CODE_SIGN_STYLE = Automatic;
				CURRENT_PROJECT_VERSION = 1;
				DEVELOPMENT_TEAM = KA74A9Q966;
				GENERATE_INFOPLIST_FILE = YES;
				MARKETING_VERSION = 1.0;
				PRODUCT_BUNDLE_IDENTIFIER = "Jean-Camargo.MeusGastosUITests";
				PRODUCT_NAME = "$(TARGET_NAME)";
				SWIFT_EMIT_LOC_STRINGS = NO;
				SWIFT_VERSION = 5.0;
				TARGETED_DEVICE_FAMILY = "1,2";
				TEST_TARGET_NAME = MeusGastos;
			};
			name = Release;
		};
/* End XCBuildConfiguration section */

/* Begin XCConfigurationList section */
		C57E9E84283BEFF2005E2D18 /* Build configuration list for PBXProject "MeusGastos" */ = {
			isa = XCConfigurationList;
			buildConfigurations = (
				C57E9EB1283BEFF5005E2D18 /* Debug */,
				C57E9EB2283BEFF5005E2D18 /* Release */,
			);
			defaultConfigurationIsVisible = 0;
			defaultConfigurationName = Release;
		};
		C57E9EB3283BEFF5005E2D18 /* Build configuration list for PBXNativeTarget "MeusGastos" */ = {
			isa = XCConfigurationList;
			buildConfigurations = (
				C57E9EB4283BEFF5005E2D18 /* Debug */,
				C57E9EB5283BEFF5005E2D18 /* Release */,
			);
			defaultConfigurationIsVisible = 0;
			defaultConfigurationName = Release;
		};
		C57E9EB6283BEFF5005E2D18 /* Build configuration list for PBXNativeTarget "MeusGastosTests" */ = {
			isa = XCConfigurationList;
			buildConfigurations = (
				C57E9EB7283BEFF5005E2D18 /* Debug */,
				C57E9EB8283BEFF5005E2D18 /* Release */,
			);
			defaultConfigurationIsVisible = 0;
			defaultConfigurationName = Release;
		};
		C57E9EB9283BEFF5005E2D18 /* Build configuration list for PBXNativeTarget "MeusGastosUITests" */ = {
			isa = XCConfigurationList;
			buildConfigurations = (
				C57E9EBA283BEFF5005E2D18 /* Debug */,
				C57E9EBB283BEFF5005E2D18 /* Release */,
			);
			defaultConfigurationIsVisible = 0;
			defaultConfigurationName = Release;
		};
/* End XCConfigurationList section */
	};
	rootObject = C57E9E81283BEFF2005E2D18 /* Project object */;
}
